schema: '2.0'
stages:
  data_ingestion:
    cmd: python -m src.data.data_ingestion
    deps:
    - path: src/data/data_ingestion.py
      hash: md5
      md5: 3b08b7a905bff1f2105a06d8f457c3bd
      size: 1153
    outs:
    - path: artifacts/data/raw/raw_data.csv
      hash: md5
      md5: 038397d0e50e48f669bb12a08cc411d7
      size: 1967103
  data_transformation:
    cmd: python -m src.data.data_transformation
    deps:
    - path: artifacts/data/raw/raw_data.csv
      hash: md5
      md5: 038397d0e50e48f669bb12a08cc411d7
      size: 1967103
    - path: src/data/data_transformation.py
      hash: md5
      md5: 252941ca781e18deab66af4afd21f5ff
      size: 10408
    outs:
    - path: artifacts/data/processed/processed_data.csv
      hash: md5
      md5: 89dfc33406ee5d0cca72c3e8a096a5d3
      size: 751230
    - path: artifacts/data/processed/test.csv
      hash: md5
      md5: e402a26035cf8e1f84fa2c43c277cb04
      size: 150512
    - path: artifacts/data/processed/train.csv
      hash: md5
      md5: fe133b166b720777e0fc9cbd290ca302
      size: 601538
  data_testing:
    cmd: pytest tests/data_test.py > artifacts/data/testing_results.txt
    deps:
    - path: artifacts/data/processed/processed_data.csv
      hash: md5
      md5: 89dfc33406ee5d0cca72c3e8a096a5d3
      size: 751230
    - path: artifacts/data/processed/test.csv
      hash: md5
      md5: e402a26035cf8e1f84fa2c43c277cb04
      size: 150512
    - path: artifacts/data/processed/train.csv
      hash: md5
      md5: fe133b166b720777e0fc9cbd290ca302
      size: 601538
    - path: tests/data_test.py
      hash: md5
      md5: e37e818542c4f9cd83b7832b898e5629
      size: 8203
    outs:
    - path: artifacts/data/testing_results.txt
      hash: md5
      md5: 8391721a0eba4170a9ec0adbd54964e3
      size: 484
  model_training:
    cmd: python -m src.model.model_trainer
    deps:
    - path: artifacts/data/processed/train.csv
      hash: md5
      md5: fe133b166b720777e0fc9cbd290ca302
      size: 601538
    - path: params.yaml
      hash: md5
      md5: 2b7d2be0dc3a333c21f335e1fa801b86
      size: 281
    - path: src/model/model_trainer.py
      hash: md5
      md5: 62a26dd73d8d0a7b72cbb87b3ffd618c
      size: 4371
    outs:
    - path: artifacts/models/columns.pkl
      hash: md5
      md5: 2f5c1c1cba6dc76594c6693fed4eb1ed
      size: 1129
    - path: artifacts/models/pipeline.pkl
      hash: md5
      md5: 9470a4640e9840b2612c71344921f29c
      size: 507532
  model_evaluate:
    cmd: python -m src.model.model_evaluation
    deps:
    - path: artifacts/data/processed/test.csv
      hash: md5
      md5: e402a26035cf8e1f84fa2c43c277cb04
      size: 150512
    - path: artifacts/models/columns.pkl
      hash: md5
      md5: 2f5c1c1cba6dc76594c6693fed4eb1ed
      size: 1129
    - path: artifacts/models/pipeline.pkl
      hash: md5
      md5: 9470a4640e9840b2612c71344921f29c
      size: 507532
    - path: params.yaml
      hash: md5
      md5: 2b7d2be0dc3a333c21f335e1fa801b86
      size: 281
    - path: src/model/model_evaluation.py
      hash: md5
      md5: 9402a784c827cd3f6a9d90f9bd9926fd
      size: 5119
    outs:
    - path: experiment_info.json
      hash: md5
      md5: 81cd75ed98e030b105ca444bcbacb662
      size: 91
    - path: reports/chart.png
      hash: md5
      md5: 20f33c2e026296f9799f5dc7d256f7b6
      size: 65471
  register_model:
    cmd: python -m src.model.register_model
    deps:
    - path: experiment_info.json
      hash: md5
      md5: 81cd75ed98e030b105ca444bcbacb662
      size: 91
