schema: '2.0'
stages:
  data_ingestion:
    cmd: python -m src.data.data_ingestion
    deps:
    - path: src/data/data_ingestion.py
      hash: md5
      md5: 3b08b7a905bff1f2105a06d8f457c3bd
      size: 1153
    outs:
    - path: artifacts/data/raw/raw_data.csv
      hash: md5
      md5: 038397d0e50e48f669bb12a08cc411d7
      size: 1967103
  data_transformation:
    cmd: python -m src.data.data_transformation
    deps:
    - path: artifacts/data/raw/raw_data.csv
      hash: md5
      md5: 038397d0e50e48f669bb12a08cc411d7
      size: 1967103
    - path: src/data/data_transformation.py
      hash: md5
      md5: 252941ca781e18deab66af4afd21f5ff
      size: 10408
    outs:
    - path: artifacts/data/processed/processed_data.csv
      hash: md5
      md5: 373153036b597c5a1aed6f641001e8de
      size: 751186
    - path: artifacts/data/processed/test.csv
      hash: md5
      md5: 02b6cf2a451d9fe7360d644ac1f2214e
      size: 150494
    - path: artifacts/data/processed/train.csv
      hash: md5
      md5: 96b0829cd7c63a2381501d0713700037
      size: 601512
  data_testing:
    cmd: pytest tests/data_test.py > artifacts/data/testing_results.txt
    deps:
    - path: artifacts/data/processed/processed_data.csv
      hash: md5
      md5: 373153036b597c5a1aed6f641001e8de
      size: 751186
    - path: artifacts/data/processed/test.csv
      hash: md5
      md5: 02b6cf2a451d9fe7360d644ac1f2214e
      size: 150494
    - path: artifacts/data/processed/train.csv
      hash: md5
      md5: 96b0829cd7c63a2381501d0713700037
      size: 601512
    - path: tests/data_test.py
      hash: md5
      md5: e37e818542c4f9cd83b7832b898e5629
      size: 8203
    outs:
    - path: artifacts/data/testing_results.txt
      hash: md5
      md5: 498646b7e14c132730f663b5a20c364f
      size: 484
  model_training:
    cmd: python -m src.model.model_trainer
    deps:
    - path: artifacts/data/processed/train.csv
      hash: md5
      md5: 96b0829cd7c63a2381501d0713700037
      size: 601512
    - path: params.yaml
      hash: md5
      md5: 2b7d2be0dc3a333c21f335e1fa801b86
      size: 281
    - path: src/model/model_trainer.py
      hash: md5
      md5: 62a26dd73d8d0a7b72cbb87b3ffd618c
      size: 4371
    outs:
    - path: artifacts/models/columns.pkl
      hash: md5
      md5: 6a7c19e256b342791df3ee3f09ab7ada
      size: 1129
    - path: artifacts/models/pipeline.pkl
      hash: md5
      md5: 4024d7b153e986d757ce7025c4c4b325
      size: 507476
  model_evaluate:
    cmd: python -m src.model.model_evaluation
    deps:
    - path: artifacts/data/processed/test.csv
      hash: md5
      md5: 02b6cf2a451d9fe7360d644ac1f2214e
      size: 150494
    - path: artifacts/models/columns.pkl
      hash: md5
      md5: 6a7c19e256b342791df3ee3f09ab7ada
      size: 1129
    - path: artifacts/models/pipeline.pkl
      hash: md5
      md5: 4024d7b153e986d757ce7025c4c4b325
      size: 507476
    - path: params.yaml
      hash: md5
      md5: 2b7d2be0dc3a333c21f335e1fa801b86
      size: 281
    - path: src/model/model_evaluation.py
      hash: md5
      md5: 9402a784c827cd3f6a9d90f9bd9926fd
      size: 5119
    outs:
    - path: experiment_info.json
      hash: md5
      md5: bdb794f4c59507cd47cbbfa5dfeff6cb
      size: 91
    - path: reports/chart.png
      hash: md5
      md5: 0ec3f5be0c6801e303b5439bee857a99
      size: 69099
  register_model:
    cmd: python -m src.model.register_model
    deps:
    - path: experiment_info.json
      hash: md5
      md5: bdb794f4c59507cd47cbbfa5dfeff6cb
      size: 91
