schema: '2.0'
stages:
  data_ingestion:
    cmd: python -m src.data.data_ingestion
    deps:
    - path: src/data/data_ingestion.py
      hash: md5
      md5: 60cef876a9bc388163d49afc533a88b4
      size: 1198
    outs:
    - path: artifacts/data/raw/raw_data.csv
      hash: md5
      md5: 3ea0341e91c5d2d2ec9e10f482668102
      size: 1972853
  data_transformation:
    cmd: python -m src.data.data_transformation
    deps:
    - path: artifacts/data/raw/raw_data.csv
      hash: md5
      md5: 3ea0341e91c5d2d2ec9e10f482668102
      size: 1972853
    - path: src/data/data_transformation.py
      hash: md5
      md5: 0ef2e275621575420972d7725a32433a
      size: 10648
    outs:
    - path: artifacts/data/processed/processed_data.csv
      hash: md5
      md5: ce8f00a4de2bc9e69e6b5b28157bed76
      size: 747324
    - path: artifacts/data/processed/test.csv
      hash: md5
      md5: 175d9bd0f986c027fbc79647a4d46ca5
      size: 150584
    - path: artifacts/data/processed/train.csv
      hash: md5
      md5: 170a698a33e072ea8013d1811a27fb5e
      size: 597561
  data_testing:
    cmd: pytest tests/data_test.py > artifacts/data/testing_results.txt
    deps:
    - path: artifacts/data/processed/processed_data.csv
      hash: md5
      md5: ce8f00a4de2bc9e69e6b5b28157bed76
      size: 747324
    - path: artifacts/data/processed/test.csv
      hash: md5
      md5: 175d9bd0f986c027fbc79647a4d46ca5
      size: 150584
    - path: artifacts/data/processed/train.csv
      hash: md5
      md5: 170a698a33e072ea8013d1811a27fb5e
      size: 597561
    - path: tests/data_test.py
      hash: md5
      md5: 859883859120ccaab4f1fcc3beff7251
      size: 8331
    outs:
    - path: artifacts/data/testing_results.txt
      hash: md5
      md5: d426135a79c42ab2ebabf2e68ba695f3
      size: 465
  model_training:
    cmd: python -m src.model.model_trainer
    deps:
    - path: artifacts/data/processed/train.csv
      hash: md5
      md5: 170a698a33e072ea8013d1811a27fb5e
      size: 597561
    - path: params.yaml
      hash: md5
      md5: 8fc0eb1a2910795f92cd5df15d8e9dab
      size: 293
    - path: src/model/model_trainer.py
      hash: md5
      md5: d6e53e69454956b93aab405357a378eb
      size: 4511
    outs:
    - path: artifacts/models/columns.pkl
      hash: md5
      md5: 30a2be1ad6144a03fa8e44194e2df576
      size: 1129
    - path: artifacts/models/pipeline.pkl
      hash: md5
      md5: 668a8ca1ce5f690e3f85a0668378f400
      size: 507486
  model_evaluate:
    cmd: python -m src.model.model_evaluation
    deps:
    - path: artifacts/data/processed/test.csv
      hash: md5
      md5: 175d9bd0f986c027fbc79647a4d46ca5
      size: 150584
    - path: artifacts/models/columns.pkl
      hash: md5
      md5: 30a2be1ad6144a03fa8e44194e2df576
      size: 1129
    - path: artifacts/models/pipeline.pkl
      hash: md5
      md5: 668a8ca1ce5f690e3f85a0668378f400
      size: 507486
    - path: params.yaml
      hash: md5
      md5: 8fc0eb1a2910795f92cd5df15d8e9dab
      size: 293
    - path: src/model/model_evaluation.py
      hash: md5
      md5: b61d26edc4aabbb6be4bb1d6b0057f11
      size: 5078
    outs:
    - path: experiment_info.json
      hash: md5
      md5: 7548bf09dd5dc034de87884f503c548e
      size: 94
    - path: reports/chart.png
      hash: md5
      md5: 5b2a77e2811130f0750b906a93a07c5e
      size: 67156
  register_model:
    cmd: python -m src.model.register_model
    deps:
    - path: experiment_info.json
      hash: md5
      md5: 7548bf09dd5dc034de87884f503c548e
      size: 94
